// !$*UTF8*$!
{
	archiveVersion = 1;
	classes = {
	};
	objectVersion = 50;
	objects = {

/* Begin PBXBuildFile section */
		C974F0D5264461BA00A65249 /* AppDelegate.swift in Sources */ = {isa = PBXBuildFile; fileRef = C974F0D4264461BA00A65249 /* AppDelegate.swift */; };
		C974F0D7264461BA00A65249 /* SceneDelegate.swift in Sources */ = {isa = PBXBuildFile; fileRef = C974F0D6264461BA00A65249 /* SceneDelegate.swift */; };
		C974F0D9264461BA00A65249 /* ViewController.swift in Sources */ = {isa = PBXBuildFile; fileRef = C974F0D8264461BA00A65249 /* ViewController.swift */; };
		C974F0DC264461BA00A65249 /* Main.storyboard in Resources */ = {isa = PBXBuildFile; fileRef = C974F0DA264461BA00A65249 /* Main.storyboard */; };
		C974F0DE264461BD00A65249 /* Assets.xcassets in Resources */ = {isa = PBXBuildFile; fileRef = C974F0DD264461BD00A65249 /* Assets.xcassets */; };
		C974F0E1264461BD00A65249 /* LaunchScreen.storyboard in Resources */ = {isa = PBXBuildFile; fileRef = C974F0DF264461BD00A65249 /* LaunchScreen.storyboard */; };
		C974F0EC264461BD00A65249 /* GithubCommitViewerTests.swift in Sources */ = {isa = PBXBuildFile; fileRef = C974F0EB264461BD00A65249 /* GithubCommitViewerTests.swift */; };
		C974F0F7264461BD00A65249 /* GithubCommitViewerUITests.swift in Sources */ = {isa = PBXBuildFile; fileRef = C974F0F6264461BD00A65249 /* GithubCommitViewerUITests.swift */; };
		C974F109264464F000A65249 /* Commit.swift in Sources */ = {isa = PBXBuildFile; fileRef = C974F108264464F000A65249 /* Commit.swift */; };
		C974F10B264494D400A65249 /* Service.swift in Sources */ = {isa = PBXBuildFile; fileRef = C974F10A264494D400A65249 /* Service.swift */; };
		C974F10D264494EB00A65249 /* ServiceProvider.swift in Sources */ = {isa = PBXBuildFile; fileRef = C974F10C264494EB00A65249 /* ServiceProvider.swift */; };
		C974F10F264494FC00A65249 /* GithubService.swift in Sources */ = {isa = PBXBuildFile; fileRef = C974F10E264494FC00A65249 /* GithubService.swift */; };
		C974F1112644956500A65249 /* GithubCommitCell.swift in Sources */ = {isa = PBXBuildFile; fileRef = C974F1102644956500A65249 /* GithubCommitCell.swift */; };
		C974F113264495A000A65249 /* GithubCommitsViewModel.swift in Sources */ = {isa = PBXBuildFile; fileRef = C974F112264495A000A65249 /* GithubCommitsViewModel.swift */; };
/* End PBXBuildFile section */

/* Begin PBXContainerItemProxy section */
		C974F0E8264461BD00A65249 /* PBXContainerItemProxy */ = {
			isa = PBXContainerItemProxy;
			containerPortal = C974F0C9264461BA00A65249 /* Project object */;
			proxyType = 1;
			remoteGlobalIDString = C974F0D0264461BA00A65249;
			remoteInfo = GithubCommitViewer;
		};
		C974F0F3264461BD00A65249 /* PBXContainerItemProxy */ = {
			isa = PBXContainerItemProxy;
			containerPortal = C974F0C9264461BA00A65249 /* Project object */;
			proxyType = 1;
			remoteGlobalIDString = C974F0D0264461BA00A65249;
			remoteInfo = GithubCommitViewer;
		};
/* End PBXContainerItemProxy section */

/* Begin PBXFileReference section */
		C974F0D1264461BA00A65249 /* GithubCommitViewer.app */ = {isa = PBXFileReference; explicitFileType = wrapper.application; includeInIndex = 0; path = GithubCommitViewer.app; sourceTree = BUILT_PRODUCTS_DIR; };
		C974F0D4264461BA00A65249 /* AppDelegate.swift */ = {isa = PBXFileReference; lastKnownFileType = sourcecode.swift; path = AppDelegate.swift; sourceTree = "<group>"; };
		C974F0D6264461BA00A65249 /* SceneDelegate.swift */ = {isa = PBXFileReference; lastKnownFileType = sourcecode.swift; path = SceneDelegate.swift; sourceTree = "<group>"; };
		C974F0D8264461BA00A65249 /* ViewController.swift */ = {isa = PBXFileReference; lastKnownFileType = sourcecode.swift; path = ViewController.swift; sourceTree = "<group>"; };
		C974F0DB264461BA00A65249 /* Base */ = {isa = PBXFileReference; lastKnownFileType = file.storyboard; name = Base; path = Base.lproj/Main.storyboard; sourceTree = "<group>"; };
		C974F0DD264461BD00A65249 /* Assets.xcassets */ = {isa = PBXFileReference; lastKnownFileType = folder.assetcatalog; path = Assets.xcassets; sourceTree = "<group>"; };
		C974F0E0264461BD00A65249 /* Base */ = {isa = PBXFileReference; lastKnownFileType = file.storyboard; name = Base; path = Base.lproj/LaunchScreen.storyboard; sourceTree = "<group>"; };
		C974F0E2264461BD00A65249 /* Info.plist */ = {isa = PBXFileReference; lastKnownFileType = text.plist.xml; path = Info.plist; sourceTree = "<group>"; };
		C974F0E7264461BD00A65249 /* GithubCommitViewerTests.xctest */ = {isa = PBXFileReference; explicitFileType = wrapper.cfbundle; includeInIndex = 0; path = GithubCommitViewerTests.xctest; sourceTree = BUILT_PRODUCTS_DIR; };
		C974F0EB264461BD00A65249 /* GithubCommitViewerTests.swift */ = {isa = PBXFileReference; lastKnownFileType = sourcecode.swift; path = GithubCommitViewerTests.swift; sourceTree = "<group>"; };
		C974F0ED264461BD00A65249 /* Info.plist */ = {isa = PBXFileReference; lastKnownFileType = text.plist.xml; path = Info.plist; sourceTree = "<group>"; };
		C974F0F2264461BD00A65249 /* GithubCommitViewerUITests.xctest */ = {isa = PBXFileReference; explicitFileType = wrapper.cfbundle; includeInIndex = 0; path = GithubCommitViewerUITests.xctest; sourceTree = BUILT_PRODUCTS_DIR; };
		C974F0F6264461BD00A65249 /* GithubCommitViewerUITests.swift */ = {isa = PBXFileReference; lastKnownFileType = sourcecode.swift; path = GithubCommitViewerUITests.swift; sourceTree = "<group>"; };
		C974F0F8264461BD00A65249 /* Info.plist */ = {isa = PBXFileReference; lastKnownFileType = text.plist.xml; path = Info.plist; sourceTree = "<group>"; };
		C974F108264464F000A65249 /* Commit.swift */ = {isa = PBXFileReference; lastKnownFileType = sourcecode.swift; path = Commit.swift; sourceTree = "<group>"; };
		C974F10A264494D400A65249 /* Service.swift */ = {isa = PBXFileReference; lastKnownFileType = sourcecode.swift; path = Service.swift; sourceTree = "<group>"; };
		C974F10C264494EB00A65249 /* ServiceProvider.swift */ = {isa = PBXFileReference; lastKnownFileType = sourcecode.swift; path = ServiceProvider.swift; sourceTree = "<group>"; };
		C974F10E264494FC00A65249 /* GithubService.swift */ = {isa = PBXFileReference; lastKnownFileType = sourcecode.swift; path = GithubService.swift; sourceTree = "<group>"; };
		C974F1102644956500A65249 /* GithubCommitCell.swift */ = {isa = PBXFileReference; lastKnownFileType = sourcecode.swift; path = GithubCommitCell.swift; sourceTree = "<group>"; };
		C974F112264495A000A65249 /* GithubCommitsViewModel.swift */ = {isa = PBXFileReference; lastKnownFileType = sourcecode.swift; path = GithubCommitsViewModel.swift; sourceTree = "<group>"; };
/* End PBXFileReference section */

/* Begin PBXFrameworksBuildPhase section */
		C974F0CE264461BA00A65249 /* Frameworks */ = {
			isa = PBXFrameworksBuildPhase;
			buildActionMask = 2147483647;
			files = (
			);
			runOnlyForDeploymentPostprocessing = 0;
		};
		C974F0E4264461BD00A65249 /* Frameworks */ = {
			isa = PBXFrameworksBuildPhase;
			buildActionMask = 2147483647;
			files = (
			);
			runOnlyForDeploymentPostprocessing = 0;
		};
		C974F0EF264461BD00A65249 /* Frameworks */ = {
			isa = PBXFrameworksBuildPhase;
			buildActionMask = 2147483647;
			files = (
			);
			runOnlyForDeploymentPostprocessing = 0;
		};
/* End PBXFrameworksBuildPhase section */

/* Begin PBXGroup section */
		C974F0C8264461BA00A65249 = {
			isa = PBXGroup;
			children = (
				C974F0D3264461BA00A65249 /* GithubCommitViewer */,
				C974F0EA264461BD00A65249 /* GithubCommitViewerTests */,
				C974F0F5264461BD00A65249 /* GithubCommitViewerUITests */,
				C974F0D2264461BA00A65249 /* Products */,
			);
			sourceTree = "<group>";
		};
		C974F0D2264461BA00A65249 /* Products */ = {
			isa = PBXGroup;
			children = (
				C974F0D1264461BA00A65249 /* GithubCommitViewer.app */,
				C974F0E7264461BD00A65249 /* GithubCommitViewerTests.xctest */,
				C974F0F2264461BD00A65249 /* GithubCommitViewerUITests.xctest */,
			);
			name = Products;
			sourceTree = "<group>";
		};
		C974F0D3264461BA00A65249 /* GithubCommitViewer */ = {
			isa = PBXGroup;
			children = (
				C974F11426459F6400A65249 /* Controllers */,
				C974F1072644641D00A65249 /* Views */,
				C974F1062644641900A65249 /* Models */,
				C974F1052644641300A65249 /* Services */,
				C974F1042644640000A65249 /* ViewModels */,
				C974F0D4264461BA00A65249 /* AppDelegate.swift */,
				C974F0D6264461BA00A65249 /* SceneDelegate.swift */,
				C974F0DA264461BA00A65249 /* Main.storyboard */,
				C974F0DD264461BD00A65249 /* Assets.xcassets */,
				C974F0DF264461BD00A65249 /* LaunchScreen.storyboard */,
				C974F0E2264461BD00A65249 /* Info.plist */,
			);
			path = GithubCommitViewer;
			sourceTree = "<group>";
		};
		C974F0EA264461BD00A65249 /* GithubCommitViewerTests */ = {
			isa = PBXGroup;
			children = (
				C974F0EB264461BD00A65249 /* GithubCommitViewerTests.swift */,
				C974F0ED264461BD00A65249 /* Info.plist */,
			);
			path = GithubCommitViewerTests;
			sourceTree = "<group>";
		};
		C974F0F5264461BD00A65249 /* GithubCommitViewerUITests */ = {
			isa = PBXGroup;
			children = (
				C974F0F6264461BD00A65249 /* GithubCommitViewerUITests.swift */,
				C974F0F8264461BD00A65249 /* Info.plist */,
			);
			path = GithubCommitViewerUITests;
			sourceTree = "<group>";
		};
		C974F1042644640000A65249 /* ViewModels */ = {
			isa = PBXGroup;
			children = (
				C974F112264495A000A65249 /* GithubCommitsViewModel.swift */,
			);
			path = ViewModels;
			sourceTree = "<group>";
		};
		C974F1052644641300A65249 /* Services */ = {
			isa = PBXGroup;
			children = (
				C974F10A264494D400A65249 /* Service.swift */,
				C974F10C264494EB00A65249 /* ServiceProvider.swift */,
				C974F10E264494FC00A65249 /* GithubService.swift */,
			);
			path = Services;
			sourceTree = "<group>";
		};
		C974F1062644641900A65249 /* Models */ = {
			isa = PBXGroup;
			children = (
				C974F108264464F000A65249 /* Commit.swift */,
			);
			path = Models;
			sourceTree = "<group>";
		};
		C974F1072644641D00A65249 /* Views */ = {
			isa = PBXGroup;
			children = (
				C974F1102644956500A65249 /* GithubCommitCell.swift */,
			);
			path = Views;
			sourceTree = "<group>";
		};
		C974F11426459F6400A65249 /* Controllers */ = {
			isa = PBXGroup;
			children = (
				C974F0D8264461BA00A65249 /* ViewController.swift */,
			);
			path = Controllers;
			sourceTree = "<group>";
		};
/* End PBXGroup section */

/* Begin PBXNativeTarget section */
		C974F0D0264461BA00A65249 /* GithubCommitViewer */ = {
			isa = PBXNativeTarget;
			buildConfigurationList = C974F0FB264461BD00A65249 /* Build configuration list for PBXNativeTarget "GithubCommitViewer" */;
			buildPhases = (
				C974F0CD264461BA00A65249 /* Sources */,
				C974F0CE264461BA00A65249 /* Frameworks */,
				C974F0CF264461BA00A65249 /* Resources */,
			);
			buildRules = (
			);
			dependencies = (
			);
			name = GithubCommitViewer;
			productName = GithubCommitViewer;
			productReference = C974F0D1264461BA00A65249 /* GithubCommitViewer.app */;
			productType = "com.apple.product-type.application";
		};
		C974F0E6264461BD00A65249 /* GithubCommitViewerTests */ = {
			isa = PBXNativeTarget;
			buildConfigurationList = C974F0FE264461BD00A65249 /* Build configuration list for PBXNativeTarget "GithubCommitViewerTests" */;
			buildPhases = (
				C974F0E3264461BD00A65249 /* Sources */,
				C974F0E4264461BD00A65249 /* Frameworks */,
				C974F0E5264461BD00A65249 /* Resources */,
			);
			buildRules = (
			);
			dependencies = (
				C974F0E9264461BD00A65249 /* PBXTargetDependency */,
			);
			name = GithubCommitViewerTests;
			productName = GithubCommitViewerTests;
			productReference = C974F0E7264461BD00A65249 /* GithubCommitViewerTests.xctest */;
			productType = "com.apple.product-type.bundle.unit-test";
		};
		C974F0F1264461BD00A65249 /* GithubCommitViewerUITests */ = {
			isa = PBXNativeTarget;
			buildConfigurationList = C974F101264461BD00A65249 /* Build configuration list for PBXNativeTarget "GithubCommitViewerUITests" */;
			buildPhases = (
				C974F0EE264461BD00A65249 /* Sources */,
				C974F0EF264461BD00A65249 /* Frameworks */,
				C974F0F0264461BD00A65249 /* Resources */,
			);
			buildRules = (
			);
			dependencies = (
				C974F0F4264461BD00A65249 /* PBXTargetDependency */,
			);
			name = GithubCommitViewerUITests;
			productName = GithubCommitViewerUITests;
			productReference = C974F0F2264461BD00A65249 /* GithubCommitViewerUITests.xctest */;
			productType = "com.apple.product-type.bundle.ui-testing";
		};
/* End PBXNativeTarget section */

/* Begin PBXProject section */
		C974F0C9264461BA00A65249 /* Project object */ = {
			isa = PBXProject;
			attributes = {
				LastSwiftUpdateCheck = 1250;
				LastUpgradeCheck = 1250;
				TargetAttributes = {
					C974F0D0264461BA00A65249 = {
						CreatedOnToolsVersion = 12.5;
					};
					C974F0E6264461BD00A65249 = {
						CreatedOnToolsVersion = 12.5;
						TestTargetID = C974F0D0264461BA00A65249;
					};
					C974F0F1264461BD00A65249 = {
						CreatedOnToolsVersion = 12.5;
						TestTargetID = C974F0D0264461BA00A65249;
					};
				};
			};
			buildConfigurationList = C974F0CC264461BA00A65249 /* Build configuration list for PBXProject "GithubCommitViewer" */;
			compatibilityVersion = "Xcode 9.3";
			developmentRegion = en;
			hasScannedForEncodings = 0;
			knownRegions = (
				en,
				Base,
			);
			mainGroup = C974F0C8264461BA00A65249;
			productRefGroup = C974F0D2264461BA00A65249 /* Products */;
			projectDirPath = "";
			projectRoot = "";
			targets = (
				C974F0D0264461BA00A65249 /* GithubCommitViewer */,
				C974F0E6264461BD00A65249 /* GithubCommitViewerTests */,
				C974F0F1264461BD00A65249 /* GithubCommitViewerUITests */,
			);
		};
/* End PBXProject section */

/* Begin PBXResourcesBuildPhase section */
		C974F0CF264461BA00A65249 /* Resources */ = {
			isa = PBXResourcesBuildPhase;
			buildActionMask = 2147483647;
			files = (
				C974F0E1264461BD00A65249 /* LaunchScreen.storyboard in Resources */,
				C974F0DE264461BD00A65249 /* Assets.xcassets in Resources */,
				C974F0DC264461BA00A65249 /* Main.storyboard in Resources */,
			);
			runOnlyForDeploymentPostprocessing = 0;
		};
		C974F0E5264461BD00A65249 /* Resources */ = {
			isa = PBXResourcesBuildPhase;
			buildActionMask = 2147483647;
			files = (
			);
			runOnlyForDeploymentPostprocessing = 0;
		};
		C974F0F0264461BD00A65249 /* Resources */ = {
			isa = PBXResourcesBuildPhase;
			buildActionMask = 2147483647;
			files = (
			);
			runOnlyForDeploymentPostprocessing = 0;
		};
/* End PBXResourcesBuildPhase section */

/* Begin PBXSourcesBuildPhase section */
		C974F0CD264461BA00A65249 /* Sources */ = {
			isa = PBXSourcesBuildPhase;
			buildActionMask = 2147483647;
			files = (
				C974F10D264494EB00A65249 /* ServiceProvider.swift in Sources */,
				C974F109264464F000A65249 /* Commit.swift in Sources */,
				C974F0D9264461BA00A65249 /* ViewController.swift in Sources */,
				C974F10F264494FC00A65249 /* GithubService.swift in Sources */,
				C974F10B264494D400A65249 /* Service.swift in Sources */,
				C974F113264495A000A65249 /* GithubCommitsViewModel.swift in Sources */,
				C974F1112644956500A65249 /* GithubCommitCell.swift in Sources */,
				C974F0D5264461BA00A65249 /* AppDelegate.swift in Sources */,
				C974F0D7264461BA00A65249 /* SceneDelegate.swift in Sources */,
			);
			runOnlyForDeploymentPostprocessing = 0;
		};
		C974F0E3264461BD00A65249 /* Sources */ = {
			isa = PBXSourcesBuildPhase;
			buildActionMask = 2147483647;
			files = (
				C974F0EC264461BD00A65249 /* GithubCommitViewerTests.swift in Sources */,
			);
			runOnlyForDeploymentPostprocessing = 0;
		};
		C974F0EE264461BD00A65249 /* Sources */ = {
			isa = PBXSourcesBuildPhase;
			buildActionMask = 2147483647;
			files = (
				C974F0F7264461BD00A65249 /* GithubCommitViewerUITests.swift in Sources */,
			);
			runOnlyForDeploymentPostprocessing = 0;
		};
/* End PBXSourcesBuildPhase section */

/* Begin PBXTargetDependency section */
		C974F0E9264461BD00A65249 /* PBXTargetDependency */ = {
			isa = PBXTargetDependency;
			target = C974F0D0264461BA00A65249 /* GithubCommitViewer */;
			targetProxy = C974F0E8264461BD00A65249 /* PBXContainerItemProxy */;
		};
		C974F0F4264461BD00A65249 /* PBXTargetDependency */ = {
			isa = PBXTargetDependency;
			target = C974F0D0264461BA00A65249 /* GithubCommitViewer */;
			targetProxy = C974F0F3264461BD00A65249 /* PBXContainerItemProxy */;
		};
/* End PBXTargetDependency section */

/* Begin PBXVariantGroup section */
		C974F0DA264461BA00A65249 /* Main.storyboard */ = {
			isa = PBXVariantGroup;
			children = (
				C974F0DB264461BA00A65249 /* Base */,
			);
			name = Main.storyboard;
			sourceTree = "<group>";
		};
		C974F0DF264461BD00A65249 /* LaunchScreen.storyboard */ = {
			isa = PBXVariantGroup;
			children = (
				C974F0E0264461BD00A65249 /* Base */,
			);
			name = LaunchScreen.storyboard;
			sourceTree = "<group>";
		};
/* End PBXVariantGroup section */

/* Begin XCBuildConfiguration section */
		C974F0F9264461BD00A65249 /* Debug */ = {
			isa = XCBuildConfiguration;
			buildSettings = {
				ALWAYS_SEARCH_USER_PATHS = NO;
				CLANG_ANALYZER_NONNULL = YES;
				CLANG_ANALYZER_NUMBER_OBJECT_CONVERSION = YES_AGGRESSIVE;
				CLANG_CXX_LANGUAGE_STANDARD = "gnu++14";
				CLANG_CXX_LIBRARY = "libc++";
				CLANG_ENABLE_MODULES = YES;
				CLANG_ENABLE_OBJC_ARC = YES;
				CLANG_ENABLE_OBJC_WEAK = YES;
				CLANG_WARN_BLOCK_CAPTURE_AUTORELEASING = YES;
				CLANG_WARN_BOOL_CONVERSION = YES;
				CLANG_WARN_COMMA = YES;
				CLANG_WARN_CONSTANT_CONVERSION = YES;
				CLANG_WARN_DEPRECATED_OBJC_IMPLEMENTATIONS = YES;
				CLANG_WARN_DIRECT_OBJC_ISA_USAGE = YES_ERROR;
				CLANG_WARN_DOCUMENTATION_COMMENTS = YES;
				CLANG_WARN_EMPTY_BODY = YES;
				CLANG_WARN_ENUM_CONVERSION = YES;
				CLANG_WARN_INFINITE_RECURSION = YES;
				CLANG_WARN_INT_CONVERSION = YES;
				CLANG_WARN_NON_LITERAL_NULL_CONVERSION = YES;
				CLANG_WARN_OBJC_IMPLICIT_RETAIN_SELF = YES;
				CLANG_WARN_OBJC_LITERAL_CONVERSION = YES;
				CLANG_WARN_OBJC_ROOT_CLASS = YES_ERROR;
				CLANG_WARN_QUOTED_INCLUDE_IN_FRAMEWORK_HEADER = YES;
				CLANG_WARN_RANGE_LOOP_ANALYSIS = YES;
				CLANG_WARN_STRICT_PROTOTYPES = YES;
				CLANG_WARN_SUSPICIOUS_MOVE = YES;
				CLANG_WARN_UNGUARDED_AVAILABILITY = YES_AGGRESSIVE;
				CLANG_WARN_UNREACHABLE_CODE = YES;
				CLANG_WARN__DUPLICATE_METHOD_MATCH = YES;
				COPY_PHASE_STRIP = NO;
				DEBUG_INFORMATION_FORMAT = dwarf;
				ENABLE_STRICT_OBJC_MSGSEND = YES;
				ENABLE_TESTABILITY = YES;
				GCC_C_LANGUAGE_STANDARD = gnu11;
				GCC_DYNAMIC_NO_PIC = NO;
				GCC_NO_COMMON_BLOCKS = YES;
				GCC_OPTIMIZATION_LEVEL = 0;
				GCC_PREPROCESSOR_DEFINITIONS = (
					"DEBUG=1",
					"$(inherited)",
				);
				GCC_WARN_64_TO_32_BIT_CONVERSION = YES;
				GCC_WARN_ABOUT_RETURN_TYPE = YES_ERROR;
				GCC_WARN_UNDECLARED_SELECTOR = YES;
				GCC_WARN_UNINITIALIZED_AUTOS = YES_AGGRESSIVE;
				GCC_WARN_UNUSED_FUNCTION = YES;
				GCC_WARN_UNUSED_VARIABLE = YES;
				IPHONEOS_DEPLOYMENT_TARGET = 14.5;
				MTL_ENABLE_DEBUG_INFO = INCLUDE_SOURCE;
				MTL_FAST_MATH = YES;
				ONLY_ACTIVE_ARCH = YES;
				SDKROOT = iphoneos;
				SWIFT_ACTIVE_COMPILATION_CONDITIONS = DEBUG;
				SWIFT_OPTIMIZATION_LEVEL = "-Onone";
			};
			name = Debug;
		};
		C974F0FA264461BD00A65249 /* Release */ = {
			isa = XCBuildConfiguration;
			buildSettings = {
				ALWAYS_SEARCH_USER_PATHS = NO;
				CLANG_ANALYZER_NONNULL = YES;
				CLANG_ANALYZER_NUMBER_OBJECT_CONVERSION = YES_AGGRESSIVE;
				CLANG_CXX_LANGUAGE_STANDARD = "gnu++14";
				CLANG_CXX_LIBRARY = "libc++";
				CLANG_ENABLE_MODULES = YES;
				CLANG_ENABLE_OBJC_ARC = YES;
				CLANG_ENABLE_OBJC_WEAK = YES;
				CLANG_WARN_BLOCK_CAPTURE_AUTORELEASING = YES;
				CLANG_WARN_BOOL_CONVERSION = YES;
				CLANG_WARN_COMMA = YES;
				CLANG_WARN_CONSTANT_CONVERSION = YES;
				CLANG_WARN_DEPRECATED_OBJC_IMPLEMENTATIONS = YES;
				CLANG_WARN_DIRECT_OBJC_ISA_USAGE = YES_ERROR;
				CLANG_WARN_DOCUMENTATION_COMMENTS = YES;
				CLANG_WARN_EMPTY_BODY = YES;
				CLANG_WARN_ENUM_CONVERSION = YES;
				CLANG_WARN_INFINITE_RECURSION = YES;
				CLANG_WARN_INT_CONVERSION = YES;
				CLANG_WARN_NON_LITERAL_NULL_CONVERSION = YES;
				CLANG_WARN_OBJC_IMPLICIT_RETAIN_SELF = YES;
				CLANG_WARN_OBJC_LITERAL_CONVERSION = YES;
				CLANG_WARN_OBJC_ROOT_CLASS = YES_ERROR;
				CLANG_WARN_QUOTED_INCLUDE_IN_FRAMEWORK_HEADER = YES;
				CLANG_WARN_RANGE_LOOP_ANALYSIS = YES;
				CLANG_WARN_STRICT_PROTOTYPES = YES;
				CLANG_WARN_SUSPICIOUS_MOVE = YES;
				CLANG_WARN_UNGUARDED_AVAILABILITY = YES_AGGRESSIVE;
				CLANG_WARN_UNREACHABLE_CODE = YES;
				CLANG_WARN__DUPLICATE_METHOD_MATCH = YES;
				COPY_PHASE_STRIP = NO;
				DEBUG_INFORMATION_FORMAT = "dwarf-with-dsym";
				ENABLE_NS_ASSERTIONS = NO;
				ENABLE_STRICT_OBJC_MSGSEND = YES;
				GCC_C_LANGUAGE_STANDARD = gnu11;
				GCC_NO_COMMON_BLOCKS = YES;
				GCC_WARN_64_TO_32_BIT_CONVERSION = YES;
				GCC_WARN_ABOUT_RETURN_TYPE = YES_ERROR;
				GCC_WARN_UNDECLARED_SELECTOR = YES;
				GCC_WARN_UNINITIALIZED_AUTOS = YES_AGGRESSIVE;
				GCC_WARN_UNUSED_FUNCTION = YES;
				GCC_WARN_UNUSED_VARIABLE = YES;
				IPHONEOS_DEPLOYMENT_TARGET = 14.5;
				MTL_ENABLE_DEBUG_INFO = NO;
				MTL_FAST_MATH = YES;
				SDKROOT = iphoneos;
				SWIFT_COMPILATION_MODE = wholemodule;
				SWIFT_OPTIMIZATION_LEVEL = "-O";
				VALIDATE_PRODUCT = YES;
			};
			name = Release;
		};
		C974F0FC264461BD00A65249 /* Debug */ = {
			isa = XCBuildConfiguration;
			buildSettings = {
				ASSETCATALOG_COMPILER_APPICON_NAME = AppIcon;
				ASSETCATALOG_COMPILER_GLOBAL_ACCENT_COLOR_NAME = AccentColor;
				CODE_SIGN_STYLE = Automatic;
				DEVELOPMENT_TEAM = F5U36DLXA7;
				INFOPLIST_FILE = GithubCommitViewer/Info.plist;
				LD_RUNPATH_SEARCH_PATHS = (
					"$(inherited)",
					"@executable_path/Frameworks",
				);
				PRODUCT_BUNDLE_IDENTIFIER = com.jp.GithubCommitViewer;
				PRODUCT_NAME = "$(TARGET_NAME)";
				SWIFT_VERSION = 5.0;
				TARGETED_DEVICE_FAMILY = "1,2";
			};
			name = Debug;
		};
		C974F0FD264461BD00A65249 /* Release */ = {
			isa = XCBuildConfiguration;
			buildSettings = {
				ASSETCATALOG_COMPILER_APPICON_NAME = AppIcon;
				ASSETCATALOG_COMPILER_GLOBAL_ACCENT_COLOR_NAME = AccentColor;
				CODE_SIGN_STYLE = Automatic;
				DEVELOPMENT_TEAM = F5U36DLXA7;
				INFOPLIST_FILE = GithubCommitViewer/Info.plist;
				LD_RUNPATH_SEARCH_PATHS = (
					"$(inherited)",
					"@executable_path/Frameworks",
				);
				PRODUCT_BUNDLE_IDENTIFIER = com.jp.GithubCommitViewer;
				PRODUCT_NAME = "$(TARGET_NAME)";
				SWIFT_VERSION = 5.0;
				TARGETED_DEVICE_FAMILY = "1,2";
			};
			name = Release;
		};
		C974F0FF264461BD00A65249 /* Debug */ = {
			isa = XCBuildConfiguration;
			buildSettings = {
				ALWAYS_EMBED_SWIFT_STANDARD_LIBRARIES = YES;
				BUNDLE_LOADER = "$(TEST_HOST)";
				CODE_SIGN_STYLE = Automatic;
				DEVELOPMENT_TEAM = F5U36DLXA7;
				INFOPLIST_FILE = GithubCommitViewerTests/Info.plist;
				IPHONEOS_DEPLOYMENT_TARGET = 14.5;
				LD_RUNPATH_SEARCH_PATHS = (
					"$(inherited)",
					"@executable_path/Frameworks",
					"@loader_path/Frameworks",
				);
				PRODUCT_BUNDLE_IDENTIFIER = com.jp.GithubCommitViewerTests;
				PRODUCT_NAME = "$(TARGET_NAME)";
				SWIFT_VERSION = 5.0;
				TARGETED_DEVICE_FAMILY = "1,2";
				TEST_HOST = "$(BUILT_PRODUCTS_DIR)/GithubCommitViewer.app/GithubCommitViewer";
			};
			name = Debug;
		};
		C974F100264461BD00A65249 /* Release */ = {
			isa = XCBuildConfiguration;
			buildSettings = {
				ALWAYS_EMBED_SWIFT_STANDARD_LIBRARIES = YES;
				BUNDLE_LOADER = "$(TEST_HOST)";
				CODE_SIGN_STYLE = Automatic;
				DEVELOPMENT_TEAM = F5U36DLXA7;
				INFOPLIST_FILE = GithubCommitViewerTests/Info.plist;
				IPHONEOS_DEPLOYMENT_TARGET = 14.5;
				LD_RUNPATH_SEARCH_PATHS = (
					"$(inherited)",
					"@executable_path/Frameworks",
					"@loader_path/Frameworks",
				);
				PRODUCT_BUNDLE_IDENTIFIER = com.jp.GithubCommitViewerTests;
				PRODUCT_NAME = "$(TARGET_NAME)";
				SWIFT_VERSION = 5.0;
				TARGETED_DEVICE_FAMILY = "1,2";
				TEST_HOST = "$(BUILT_PRODUCTS_DIR)/GithubCommitViewer.app/GithubCommitViewer";
			};
			name = Release;
		};
		C974F102264461BD00A65249 /* Debug */ = {
			isa = XCBuildConfiguration;
			buildSettings = {
				ALWAYS_EMBED_SWIFT_STANDARD_LIBRARIES = YES;
				CODE_SIGN_STYLE = Automatic;
				DEVELOPMENT_TEAM = F5U36DLXA7;
				INFOPLIST_FILE = GithubCommitViewerUITests/Info.plist;
				LD_RUNPATH_SEARCH_PATHS = (
					"$(inherited)",
					"@executable_path/Frameworks",
					"@loader_path/Frameworks",
				);
				PRODUCT_BUNDLE_IDENTIFIER = com.jp.GithubCommitViewerUITests;
				PRODUCT_NAME = "$(TARGET_NAME)";
				SWIFT_VERSION = 5.0;
				TARGETED_DEVICE_FAMILY = "1,2";
				TEST_TARGET_NAME = GithubCommitViewer;
			};
			name = Debug;
		};
		C974F103264461BD00A65249 /* Release */ = {
			isa = XCBuildConfiguration;
			buildSettings = {
				ALWAYS_EMBED_SWIFT_STANDARD_LIBRARIES = YES;
				CODE_SIGN_STYLE = Automatic;
				DEVELOPMENT_TEAM = F5U36DLXA7;
				INFOPLIST_FILE = GithubCommitViewerUITests/Info.plist;
				LD_RUNPATH_SEARCH_PATHS = (
					"$(inherited)",
					"@executable_path/Frameworks",
					"@loader_path/Frameworks",
				);
				PRODUCT_BUNDLE_IDENTIFIER = com.jp.GithubCommitViewerUITests;
				PRODUCT_NAME = "$(TARGET_NAME)";
				SWIFT_VERSION = 5.0;
				TARGETED_DEVICE_FAMILY = "1,2";
				TEST_TARGET_NAME = GithubCommitViewer;
			};
			name = Release;
		};
/* End XCBuildConfiguration section */

/* Begin XCConfigurationList section */
		C974F0CC264461BA00A65249 /* Build configuration list for PBXProject "GithubCommitViewer" */ = {
			isa = XCConfigurationList;
			buildConfigurations = (
				C974F0F9264461BD00A65249 /* Debug */,
				C974F0FA264461BD00A65249 /* Release */,
			);
			defaultConfigurationIsVisible = 0;
			defaultConfigurationName = Release;
		};
		C974F0FB264461BD00A65249 /* Build configuration list for PBXNativeTarget "GithubCommitViewer" */ = {
			isa = XCConfigurationList;
			buildConfigurations = (
				C974F0FC264461BD00A65249 /* Debug */,
				C974F0FD264461BD00A65249 /* Release */,
			);
			defaultConfigurationIsVisible = 0;
			defaultConfigurationName = Release;
		};
		C974F0FE264461BD00A65249 /* Build configuration list for PBXNativeTarget "GithubCommitViewerTests" */ = {
			isa = XCConfigurationList;
			buildConfigurations = (
				C974F0FF264461BD00A65249 /* Debug */,
				C974F100264461BD00A65249 /* Release */,
			);
			defaultConfigurationIsVisible = 0;
			defaultConfigurationName = Release;
		};
		C974F101264461BD00A65249 /* Build configuration list for PBXNativeTarget "GithubCommitViewerUITests" */ = {
			isa = XCConfigurationList;
			buildConfigurations = (
				C974F102264461BD00A65249 /* Debug */,
				C974F103264461BD00A65249 /* Release */,
			);
			defaultConfigurationIsVisible = 0;
			defaultConfigurationName = Release;
		};
/* End XCConfigurationList section */
	};
	rootObject = C974F0C9264461BA00A65249 /* Project object */;
}
